
Microsoft Visual Studio Solution File, Format Version 12.00
# Visual Studio Version 17
VisualStudioVersion = 17.10.35013.160
MinimumVisualStudioVersion = 10.0.40219.1
Project("{9A19103F-16F7-4668-BE54-9A1E7A4F7556}") = "Locacao", "Locacao\Locacao.csproj", "{6FF988E6-9A89-4D6F-A731-42B62D1F95A1}"
EndProject
Project("{9A19103F-16F7-4668-BE54-9A1E7A4F7556}") = "Locacao.Domain", "Locacao.Domain\Locacao.Domain.csproj", "{53D84698-70CF-4CB9-AAED-E0D964E74BBA}"
EndProject
Project("{9A19103F-16F7-4668-BE54-9A1E7A4F7556}") = "Locacao.Infraestructure", "Locacao.Infraestrutura\Locacao.Infraestructure.csproj", "{407979A9-45FB-4D5B-B5E1-57F5967C0076}"
EndProject
Project("{9A19103F-16F7-4668-BE54-9A1E7A4F7556}") = "Locacao.Repository", "Locacao.Repository\Locacao.Repository.csproj", "{E7FD6F17-D063-4980-B7ED-C49FA6EA6229}"
EndProject
Project("{9A19103F-16F7-4668-BE54-9A1E7A4F7556}") = "Locacao.Services", "Locacao.Services\Locacao.Services.csproj", "{70532B03-17C0-41C4-AF3D-587AA2097EFF}"
EndProject
Project("{9A19103F-16F7-4668-BE54-9A1E7A4F7556}") = "Locacao.Test", "Locacao.Test\Locacao.Test.csproj", "{9F631094-D901-4C1E-9581-9D4845C1C113}"
EndProject
Global
	GlobalSection(SolutionConfigurationPlatforms) = preSolution
		Debug|Any CPU = Debug|Any CPU
		Release|Any CPU = Release|Any CPU
	EndGlobalSection
	GlobalSection(ProjectConfigurationPlatforms) = postSolution
		{6FF988E6-9A89-4D6F-A731-42B62D1F95A1}.Debug|Any CPU.ActiveCfg = Debug|Any CPU
		{6FF988E6-9A89-4D6F-A731-42B62D1F95A1}.Debug|Any CPU.Build.0 = Debug|Any CPU
		{6FF988E6-9A89-4D6F-A731-42B62D1F95A1}.Release|Any CPU.ActiveCfg = Release|Any CPU
		{6FF988E6-9A89-4D6F-A731-42B62D1F95A1}.Release|Any CPU.Build.0 = Release|Any CPU
		{53D84698-70CF-4CB9-AAED-E0D964E74BBA}.Debug|Any CPU.ActiveCfg = Debug|Any CPU
		{53D84698-70CF-4CB9-AAED-E0D964E74BBA}.Debug|Any CPU.Build.0 = Debug|Any CPU
		{53D84698-70CF-4CB9-AAED-E0D964E74BBA}.Release|Any CPU.ActiveCfg = Release|Any CPU
		{53D84698-70CF-4CB9-AAED-E0D964E74BBA}.Release|Any CPU.Build.0 = Release|Any CPU
		{407979A9-45FB-4D5B-B5E1-57F5967C0076}.Debug|Any CPU.ActiveCfg = Debug|Any CPU
		{407979A9-45FB-4D5B-B5E1-57F5967C0076}.Debug|Any CPU.Build.0 = Debug|Any CPU
		{407979A9-45FB-4D5B-B5E1-57F5967C0076}.Release|Any CPU.ActiveCfg = Release|Any CPU
		{407979A9-45FB-4D5B-B5E1-57F5967C0076}.Release|Any CPU.Build.0 = Release|Any CPU
		{E7FD6F17-D063-4980-B7ED-C49FA6EA6229}.Debug|Any CPU.ActiveCfg = Debug|Any CPU
		{E7FD6F17-D063-4980-B7ED-C49FA6EA6229}.Debug|Any CPU.Build.0 = Debug|Any CPU
		{E7FD6F17-D063-4980-B7ED-C49FA6EA6229}.Release|Any CPU.ActiveCfg = Release|Any CPU
		{E7FD6F17-D063-4980-B7ED-C49FA6EA6229}.Release|Any CPU.Build.0 = Release|Any CPU
		{70532B03-17C0-41C4-AF3D-587AA2097EFF}.Debug|Any CPU.ActiveCfg = Debug|Any CPU
		{70532B03-17C0-41C4-AF3D-587AA2097EFF}.Debug|Any CPU.Build.0 = Debug|Any CPU
		{70532B03-17C0-41C4-AF3D-587AA2097EFF}.Release|Any CPU.ActiveCfg = Release|Any CPU
		{70532B03-17C0-41C4-AF3D-587AA2097EFF}.Release|Any CPU.Build.0 = Release|Any CPU
		{9F631094-D901-4C1E-9581-9D4845C1C113}.Debug|Any CPU.ActiveCfg = Debug|Any CPU
		{9F631094-D901-4C1E-9581-9D4845C1C113}.Debug|Any CPU.Build.0 = Debug|Any CPU
		{9F631094-D901-4C1E-9581-9D4845C1C113}.Release|Any CPU.ActiveCfg = Release|Any CPU
		{9F631094-D901-4C1E-9581-9D4845C1C113}.Release|Any CPU.Build.0 = Release|Any CPU
	EndGlobalSection
	GlobalSection(SolutionProperties) = preSolution
		HideSolutionNode = FALSE
	EndGlobalSection
	GlobalSection(ExtensibilityGlobals) = postSolution
		SolutionGuid = {4625A8A7-DABD-4CAA-8055-461B862CFE61}
	EndGlobalSection
EndGlobal
